
Microsoft Visual Studio Solution File, Format Version 11.00
# Visual Studio 2010
Project("{FAE04EC0-301F-11D3-BF4B-00C04F79EFBC}") = "OrchestrationOrderFinder", "OrchestrationOrderFinder\OrchestrationOrderFinder.csproj", "{B30FE307-2EF5-4465-B6E3-C2CB1CCC7FE3}"
EndProject
Project("{2150E333-8FDC-42A3-9474-1A3956D46DE8}") = "References", "References", "{DB2D86E3-C11E-498B-BED4-269E6912E8F9}"
	ProjectSection(SolutionItems) = preProject
		References\CheckBoxComboBox.dll = References\CheckBoxComboBox.dll
	EndProjectSection
EndProject
Global
	GlobalSection(SolutionConfigurationPlatforms) = preSolution
		Debug|Any CPU = Debug|Any CPU
		Debug|Mixed Platforms = Debug|Mixed Platforms
		Debug|x86 = Debug|x86
		Release|Any CPU = Release|Any CPU
		Release|Mixed Platforms = Release|Mixed Platforms
		Release|x86 = Release|x86
	EndGlobalSection
	GlobalSection(ProjectConfigurationPlatforms) = postSolution
		{B30FE307-2EF5-4465-B6E3-C2CB1CCC7FE3}.Debug|Any CPU.ActiveCfg = Debug|x86
		{B30FE307-2EF5-4465-B6E3-C2CB1CCC7FE3}.Debug|Mixed Platforms.ActiveCfg = Debug|x86
		{B30FE307-2EF5-4465-B6E3-C2CB1CCC7FE3}.Debug|Mixed Platforms.Build.0 = Debug|x86
		{B30FE307-2EF5-4465-B6E3-C2CB1CCC7FE3}.Debug|x86.ActiveCfg = Debug|x86
		{B30FE307-2EF5-4465-B6E3-C2CB1CCC7FE3}.Debug|x86.Build.0 = Debug|x86
		{B30FE307-2EF5-4465-B6E3-C2CB1CCC7FE3}.Release|Any CPU.ActiveCfg = Release|x86
		{B30FE307-2EF5-4465-B6E3-C2CB1CCC7FE3}.Release|Mixed Platforms.ActiveCfg = Release|x86
		{B30FE307-2EF5-4465-B6E3-C2CB1CCC7FE3}.Release|Mixed Platforms.Build.0 = Release|x86
		{B30FE307-2EF5-4465-B6E3-C2CB1CCC7FE3}.Release|x86.ActiveCfg = Release|x86
		{B30FE307-2EF5-4465-B6E3-C2CB1CCC7FE3}.Release|x86.Build.0 = Release|x86
	EndGlobalSection
	GlobalSection(SolutionProperties) = preSolution
		HideSolutionNode = FALSE
	EndGlobalSection
EndGlobal
